
Microsoft Visual Studio Solution File, Format Version 12.00
# Visual Studio Version 17
VisualStudioVersion = 17.6.33801.468
MinimumVisualStudioVersion = 10.0.40219.1
Project("{FAE04EC0-301F-11D3-BF4B-00C04F79EFBC}") = "MediaWeb", "MediaWeb\MediaWeb.csproj", "{55E89ACB-07DB-4771-9382-284CAA2235B5}"
EndProject
Project("{FAE04EC0-301F-11D3-BF4B-00C04F79EFBC}") = "Media.Models", "Media.Models\Media.Models.csproj", "{2A47DF2C-530C-4B63-BECD-2D9D7A9584BC}"
EndProject
Project("{FAE04EC0-301F-11D3-BF4B-00C04F79EFBC}") = "MediaApi", "MediaApi\MediaApi.csproj", "{99507215-9A7A-4A34-8DEE-F32C5F3EFA3A}"
EndProject
Global
	GlobalSection(SolutionConfigurationPlatforms) = preSolution
		Debug|Any CPU = Debug|Any CPU
		Release|Any CPU = Release|Any CPU
	EndGlobalSection
	GlobalSection(ProjectConfigurationPlatforms) = postSolution
		{55E89ACB-07DB-4771-9382-284CAA2235B5}.Debug|Any CPU.ActiveCfg = Debug|Any CPU
		{55E89ACB-07DB-4771-9382-284CAA2235B5}.Debug|Any CPU.Build.0 = Debug|Any CPU
		{55E89ACB-07DB-4771-9382-284CAA2235B5}.Release|Any CPU.ActiveCfg = Release|Any CPU
		{55E89ACB-07DB-4771-9382-284CAA2235B5}.Release|Any CPU.Build.0 = Release|Any CPU
		{2A47DF2C-530C-4B63-BECD-2D9D7A9584BC}.Debug|Any CPU.ActiveCfg = Debug|Any CPU
		{2A47DF2C-530C-4B63-BECD-2D9D7A9584BC}.Debug|Any CPU.Build.0 = Debug|Any CPU
		{2A47DF2C-530C-4B63-BECD-2D9D7A9584BC}.Release|Any CPU.ActiveCfg = Release|Any CPU
		{2A47DF2C-530C-4B63-BECD-2D9D7A9584BC}.Release|Any CPU.Build.0 = Release|Any CPU
		{99507215-9A7A-4A34-8DEE-F32C5F3EFA3A}.Debug|Any CPU.ActiveCfg = Debug|Any CPU
		{99507215-9A7A-4A34-8DEE-F32C5F3EFA3A}.Debug|Any CPU.Build.0 = Debug|Any CPU
		{99507215-9A7A-4A34-8DEE-F32C5F3EFA3A}.Release|Any CPU.ActiveCfg = Release|Any CPU
		{99507215-9A7A-4A34-8DEE-F32C5F3EFA3A}.Release|Any CPU.Build.0 = Release|Any CPU
	EndGlobalSection
	GlobalSection(SolutionProperties) = preSolution
		HideSolutionNode = FALSE
	EndGlobalSection
	GlobalSection(ExtensibilityGlobals) = postSolution
		SolutionGuid = {5540E05F-385F-474F-8B8F-C11FD2D9B88E}
	EndGlobalSection
EndGlobal
